
Microsoft Visual Studio Solution File, Format Version 12.00
# Visual Studio Version 17
VisualStudioVersion = 17.2.32630.192
MinimumVisualStudioVersion = 10.0.40219.1
Project("{FAE04EC0-301F-11D3-BF4B-00C04F79EFBC}") = "DotNet RedditClone", "DotNet RedditClone.csproj", "{FBF4EDBF-4ABB-4988-BFB2-3B4A8FE67D07}"
EndProject
Global
	GlobalSection(SolutionConfigurationPlatforms) = preSolution
		Debug|Any CPU = Debug|Any CPU
		Release|Any CPU = Release|Any CPU
	EndGlobalSection
	GlobalSection(ProjectConfigurationPlatforms) = postSolution
		{FBF4EDBF-4ABB-4988-BFB2-3B4A8FE67D07}.Debug|Any CPU.ActiveCfg = Debug|Any CPU
		{FBF4EDBF-4ABB-4988-BFB2-3B4A8FE67D07}.Debug|Any CPU.Build.0 = Debug|Any CPU
		{FBF4EDBF-4ABB-4988-BFB2-3B4A8FE67D07}.Release|Any CPU.ActiveCfg = Release|Any CPU
		{FBF4EDBF-4ABB-4988-BFB2-3B4A8FE67D07}.Release|Any CPU.Build.0 = Release|Any CPU
	EndGlobalSection
	GlobalSection(SolutionProperties) = preSolution
		HideSolutionNode = FALSE
	EndGlobalSection
	GlobalSection(ExtensibilityGlobals) = postSolution
		SolutionGuid = {2DD6C26B-C81C-4CE2-917E-712C7DFB441A}
	EndGlobalSection
EndGlobal
